
Microsoft Visual Studio Solution File, Format Version 12.00
# Visual Studio Version 16
VisualStudioVersion = 16.0.31702.278
MinimumVisualStudioVersion = 10.0.40219.1
Project("{2150E333-8FDC-42A3-9474-1A3956D46DE8}") = "src", "src", "{770AA97D-FDD5-440C-B557-6268E99E88CA}"
EndProject
Project("{2150E333-8FDC-42A3-9474-1A3956D46DE8}") = "tests", "tests", "{D6432A0C-D731-4EFC-9CB0-235F416CF8AF}"
EndProject
Project("{2150E333-8FDC-42A3-9474-1A3956D46DE8}") = "build", "build", "{67444566-A102-46F4-B59C-A1D9C6B781D3}"
	ProjectSection(SolutionItems) = preProject
		GREED.md = GREED.md
		README.md = README.md
	EndProjectSection
EndProject
Project("{FAE04EC0-301F-11D3-BF4B-00C04F79EFBC}") = "Attempt1.Test", "Attempt1.Test\Attempt1.Test.csproj", "{0D366258-0861-4495-B4B3-0EE72A58953E}"
EndProject
Global
	GlobalSection(SolutionConfigurationPlatforms) = preSolution
		Debug|Any CPU = Debug|Any CPU
		Release|Any CPU = Release|Any CPU
	EndGlobalSection
	GlobalSection(ProjectConfigurationPlatforms) = postSolution
		{0D366258-0861-4495-B4B3-0EE72A58953E}.Debug|Any CPU.ActiveCfg = Debug|Any CPU
		{0D366258-0861-4495-B4B3-0EE72A58953E}.Debug|Any CPU.Build.0 = Debug|Any CPU
		{0D366258-0861-4495-B4B3-0EE72A58953E}.Release|Any CPU.ActiveCfg = Release|Any CPU
		{0D366258-0861-4495-B4B3-0EE72A58953E}.Release|Any CPU.Build.0 = Release|Any CPU
	EndGlobalSection
	GlobalSection(SolutionProperties) = preSolution
		HideSolutionNode = FALSE
	EndGlobalSection
	GlobalSection(NestedProjects) = preSolution
		{0D366258-0861-4495-B4B3-0EE72A58953E} = {D6432A0C-D731-4EFC-9CB0-235F416CF8AF}
	EndGlobalSection
	GlobalSection(ExtensibilityGlobals) = postSolution
		SolutionGuid = {ADBE4ADE-7738-4906-8B53-65242272DDF0}
	EndGlobalSection
EndGlobal
